// !$*UTF8*$!
{
	archiveVersion = 1;
	classes = {
	};
	objectVersion = 46;
	objects = {

/* Begin PBXBuildFile section */
		14A97D551DDECC1A001E3E02 /* Student.cpp in Sources */ = {isa = PBXBuildFile; fileRef = 14A97D531DDECC1A001E3E02 /* Student.cpp */; };
		14A97D581DDECC28001E3E02 /* Deck.cpp in Sources */ = {isa = PBXBuildFile; fileRef = 14A97D561DDECC28001E3E02 /* Deck.cpp */; };
		14A97D5B1DDECC35001E3E02 /* Card.cpp in Sources */ = {isa = PBXBuildFile; fileRef = 14A97D591DDECC35001E3E02 /* Card.cpp */; };
		14A97D5E1DDECC57001E3E02 /* Math.cpp in Sources */ = {isa = PBXBuildFile; fileRef = 14A97D5C1DDECC57001E3E02 /* Math.cpp */; };
		14A97D611DDECC6A001E3E02 /* English.cpp in Sources */ = {isa = PBXBuildFile; fileRef = 14A97D5F1DDECC6A001E3E02 /* English.cpp */; };
		14A97D641DDECD08001E3E02 /* Other.cpp in Sources */ = {isa = PBXBuildFile; fileRef = 14A97D621DDECD08001E3E02 /* Other.cpp */; };
		14E98B991DDBC8F200E07634 /* main.cpp in Sources */ = {isa = PBXBuildFile; fileRef = 14E98B981DDBC8F200E07634 /* main.cpp */; };
/* End PBXBuildFile section */

/* Begin PBXCopyFilesBuildPhase section */
		14E98B931DDBC8F100E07634 /* CopyFiles */ = {
			isa = PBXCopyFilesBuildPhase;
			buildActionMask = 2147483647;
			dstPath = /usr/share/man/man1/;
			dstSubfolderSpec = 0;
			files = (
			);
			runOnlyForDeploymentPostprocessing = 1;
		};
/* End PBXCopyFilesBuildPhase section */

/* Begin PBXFileReference section */
		14A97D531DDECC1A001E3E02 /* Student.cpp */ = {isa = PBXFileReference; fileEncoding = 4; lastKnownFileType = sourcecode.cpp.cpp; path = Student.cpp; sourceTree = "<group>"; };
		14A97D541DDECC1A001E3E02 /* Student.hpp */ = {isa = PBXFileReference; fileEncoding = 4; lastKnownFileType = sourcecode.cpp.h; path = Student.hpp; sourceTree = "<group>"; };
		14A97D561DDECC28001E3E02 /* Deck.cpp */ = {isa = PBXFileReference; fileEncoding = 4; lastKnownFileType = sourcecode.cpp.cpp; path = Deck.cpp; sourceTree = "<group>"; };
		14A97D571DDECC28001E3E02 /* Deck.hpp */ = {isa = PBXFileReference; fileEncoding = 4; lastKnownFileType = sourcecode.cpp.h; path = Deck.hpp; sourceTree = "<group>"; };
		14A97D591DDECC35001E3E02 /* Card.cpp */ = {isa = PBXFileReference; fileEncoding = 4; lastKnownFileType = sourcecode.cpp.cpp; path = Card.cpp; sourceTree = "<group>"; };
		14A97D5A1DDECC35001E3E02 /* Card.hpp */ = {isa = PBXFileReference; fileEncoding = 4; lastKnownFileType = sourcecode.cpp.h; path = Card.hpp; sourceTree = "<group>"; };
		14A97D5C1DDECC57001E3E02 /* Math.cpp */ = {isa = PBXFileReference; fileEncoding = 4; lastKnownFileType = sourcecode.cpp.cpp; path = Math.cpp; sourceTree = "<group>"; };
		14A97D5D1DDECC57001E3E02 /* Math.hpp */ = {isa = PBXFileReference; fileEncoding = 4; lastKnownFileType = sourcecode.cpp.h; path = Math.hpp; sourceTree = "<group>"; };
		14A97D5F1DDECC6A001E3E02 /* English.cpp */ = {isa = PBXFileReference; fileEncoding = 4; lastKnownFileType = sourcecode.cpp.cpp; path = English.cpp; sourceTree = "<group>"; };
		14A97D601DDECC6A001E3E02 /* English.hpp */ = {isa = PBXFileReference; fileEncoding = 4; lastKnownFileType = sourcecode.cpp.h; path = English.hpp; sourceTree = "<group>"; };
		14A97D621DDECD08001E3E02 /* Other.cpp */ = {isa = PBXFileReference; fileEncoding = 4; lastKnownFileType = sourcecode.cpp.cpp; path = Other.cpp; sourceTree = "<group>"; };
		14A97D631DDECD08001E3E02 /* Other.hpp */ = {isa = PBXFileReference; fileEncoding = 4; lastKnownFileType = sourcecode.cpp.h; path = Other.hpp; sourceTree = "<group>"; };
		14E98B951DDBC8F100E07634 /* FinalProject-CS172 */ = {isa = PBXFileReference; explicitFileType = "compiled.mach-o.executable"; includeInIndex = 0; path = "FinalProject-CS172"; sourceTree = BUILT_PRODUCTS_DIR; };
		14E98B981DDBC8F200E07634 /* main.cpp */ = {isa = PBXFileReference; lastKnownFileType = sourcecode.cpp.cpp; path = main.cpp; sourceTree = "<group>"; };
/* End PBXFileReference section */

/* Begin PBXFrameworksBuildPhase section */
		14E98B921DDBC8F100E07634 /* Frameworks */ = {
			isa = PBXFrameworksBuildPhase;
			buildActionMask = 2147483647;
			files = (
			);
			runOnlyForDeploymentPostprocessing = 0;
		};
/* End PBXFrameworksBuildPhase section */

/* Begin PBXGroup section */
		14E98B8C1DDBC8F100E07634 = {
			isa = PBXGroup;
			children = (
				14E98B971DDBC8F100E07634 /* FinalProject-CS172 */,
				14E98B961DDBC8F100E07634 /* Products */,
			);
			sourceTree = "<group>";
		};
		14E98B961DDBC8F100E07634 /* Products */ = {
			isa = PBXGroup;
			children = (
				14E98B951DDBC8F100E07634 /* FinalProject-CS172 */,
			);
			name = Products;
			sourceTree = "<group>";
		};
		14E98B971DDBC8F100E07634 /* FinalProject-CS172 */ = {
			isa = PBXGroup;
			children = (
				14E98B981DDBC8F200E07634 /* main.cpp */,
				14A97D531DDECC1A001E3E02 /* Student.cpp */,
				14A97D541DDECC1A001E3E02 /* Student.hpp */,
				14A97D561DDECC28001E3E02 /* Deck.cpp */,
				14A97D571DDECC28001E3E02 /* Deck.hpp */,
				14A97D591DDECC35001E3E02 /* Card.cpp */,
				14A97D5A1DDECC35001E3E02 /* Card.hpp */,
				14A97D5C1DDECC57001E3E02 /* Math.cpp */,
				14A97D5D1DDECC57001E3E02 /* Math.hpp */,
				14A97D5F1DDECC6A001E3E02 /* English.cpp */,
				14A97D601DDECC6A001E3E02 /* English.hpp */,
				14A97D621DDECD08001E3E02 /* Other.cpp */,
				14A97D631DDECD08001E3E02 /* Other.hpp */,
			);
			path = "FinalProject-CS172";
			sourceTree = "<group>";
		};
/* End PBXGroup section */

/* Begin PBXNativeTarget section */
		14E98B941DDBC8F100E07634 /* FinalProject-CS172 */ = {
			isa = PBXNativeTarget;
			buildConfigurationList = 14E98B9C1DDBC8F200E07634 /* Build configuration list for PBXNativeTarget "FinalProject-CS172" */;
			buildPhases = (
				14E98B911DDBC8F100E07634 /* Sources */,
				14E98B921DDBC8F100E07634 /* Frameworks */,
				14E98B931DDBC8F100E07634 /* CopyFiles */,
			);
			buildRules = (
			);
			dependencies = (
			);
			name = "FinalProject-CS172";
			productName = "FinalProject-CS172";
			productReference = 14E98B951DDBC8F100E07634 /* FinalProject-CS172 */;
			productType = "com.apple.product-type.tool";
		};
/* End PBXNativeTarget section */

/* Begin PBXProject section */
		14E98B8D1DDBC8F100E07634 /* Project object */ = {
			isa = PBXProject;
			attributes = {
				LastUpgradeCheck = 0710;
				ORGANIZATIONNAME = "Daniel Portillo";
				TargetAttributes = {
					14E98B941DDBC8F100E07634 = {
						CreatedOnToolsVersion = 7.1.1;
					};
				};
			};
			buildConfigurationList = 14E98B901DDBC8F100E07634 /* Build configuration list for PBXProject "FinalProject-CS172" */;
			compatibilityVersion = "Xcode 3.2";
			developmentRegion = English;
			hasScannedForEncodings = 0;
			knownRegions = (
				en,
			);
			mainGroup = 14E98B8C1DDBC8F100E07634;
			productRefGroup = 14E98B961DDBC8F100E07634 /* Products */;
			projectDirPath = "";
			projectRoot = "";
			targets = (
				14E98B941DDBC8F100E07634 /* FinalProject-CS172 */,
			);
		};
/* End PBXProject section */

/* Begin PBXSourcesBuildPhase section */
		14E98B911DDBC8F100E07634 /* Sources */ = {
			isa = PBXSourcesBuildPhase;
			buildActionMask = 2147483647;
			files = (
				14A97D611DDECC6A001E3E02 /* English.cpp in Sources */,
				14A97D581DDECC28001E3E02 /* Deck.cpp in Sources */,
				14E98B991DDBC8F200E07634 /* main.cpp in Sources */,
				14A97D551DDECC1A001E3E02 /* Student.cpp in Sources */,
				14A97D5B1DDECC35001E3E02 /* Card.cpp in Sources */,
				14A97D5E1DDECC57001E3E02 /* Math.cpp in Sources */,
				14A97D641DDECD08001E3E02 /* Other.cpp in Sources */,
			);
			runOnlyForDeploymentPostprocessing = 0;
		};
/* End PBXSourcesBuildPhase section */

/* Begin XCBuildConfiguration section */
		14E98B9A1DDBC8F200E07634 /* Debug */ = {
			isa = XCBuildConfiguration;
			buildSettings = {
				ALWAYS_SEARCH_USER_PATHS = NO;
				CLANG_CXX_LANGUAGE_STANDARD = "gnu++0x";
				CLANG_CXX_LIBRARY = "libc++";
				CLANG_ENABLE_MODULES = YES;
				CLANG_ENABLE_OBJC_ARC = YES;
				CLANG_WARN_BOOL_CONVERSION = YES;
				CLANG_WARN_CONSTANT_CONVERSION = YES;
				CLANG_WARN_DIRECT_OBJC_ISA_USAGE = YES_ERROR;
				CLANG_WARN_EMPTY_BODY = YES;
				CLANG_WARN_ENUM_CONVERSION = YES;
				CLANG_WARN_INT_CONVERSION = YES;
				CLANG_WARN_OBJC_ROOT_CLASS = YES_ERROR;
				CLANG_WARN_UNREACHABLE_CODE = YES;
				CLANG_WARN__DUPLICATE_METHOD_MATCH = YES;
				CODE_SIGN_IDENTITY = "-";
				COPY_PHASE_STRIP = NO;
				DEBUG_INFORMATION_FORMAT = dwarf;
				ENABLE_STRICT_OBJC_MSGSEND = YES;
				ENABLE_TESTABILITY = YES;
				GCC_C_LANGUAGE_STANDARD = gnu99;
				GCC_DYNAMIC_NO_PIC = NO;
				GCC_NO_COMMON_BLOCKS = YES;
				GCC_OPTIMIZATION_LEVEL = 0;
				GCC_PREPROCESSOR_DEFINITIONS = (
					"DEBUG=1",
					"$(inherited)",
				);
				GCC_WARN_64_TO_32_BIT_CONVERSION = YES;
				GCC_WARN_ABOUT_RETURN_TYPE = YES_ERROR;
				GCC_WARN_UNDECLARED_SELECTOR = YES;
				GCC_WARN_UNINITIALIZED_AUTOS = YES_AGGRESSIVE;
				GCC_WARN_UNUSED_FUNCTION = YES;
				GCC_WARN_UNUSED_VARIABLE = YES;
				MACOSX_DEPLOYMENT_TARGET = 10.12;
				MTL_ENABLE_DEBUG_INFO = YES;
				ONLY_ACTIVE_ARCH = YES;
				SDKROOT = macosx;
			};
			name = Debug;
		};
		14E98B9B1DDBC8F200E07634 /* Release */ = {
			isa = XCBuildConfiguration;
			buildSettings = {
				ALWAYS_SEARCH_USER_PATHS = NO;
				CLANG_CXX_LANGUAGE_STANDARD = "gnu++0x";
				CLANG_CXX_LIBRARY = "libc++";
				CLANG_ENABLE_MODULES = YES;
				CLANG_ENABLE_OBJC_ARC = YES;
				CLANG_WARN_BOOL_CONVERSION = YES;
				CLANG_WARN_CONSTANT_CONVERSION = YES;
				CLANG_WARN_DIRECT_OBJC_ISA_USAGE = YES_ERROR;
				CLANG_WARN_EMPTY_BODY = YES;
				CLANG_WARN_ENUM_CONVERSION = YES;
				CLANG_WARN_INT_CONVERSION = YES;
				CLANG_WARN_OBJC_ROOT_CLASS = YES_ERROR;
				CLANG_WARN_UNREACHABLE_CODE = YES;
				CLANG_WARN__DUPLICATE_METHOD_MATCH = YES;
				CODE_SIGN_IDENTITY = "-";
				COPY_PHASE_STRIP = NO;
				DEBUG_INFORMATION_FORMAT = "dwarf-with-dsym";
				ENABLE_NS_ASSERTIONS = NO;
				ENABLE_STRICT_OBJC_MSGSEND = YES;
				GCC_C_LANGUAGE_STANDARD = gnu99;
				GCC_NO_COMMON_BLOCKS = YES;
				GCC_WARN_64_TO_32_BIT_CONVERSION = YES;
				GCC_WARN_ABOUT_RETURN_TYPE = YES_ERROR;
				GCC_WARN_UNDECLARED_SELECTOR = YES;
				GCC_WARN_UNINITIALIZED_AUTOS = YES_AGGRESSIVE;
				GCC_WARN_UNUSED_FUNCTION = YES;
				GCC_WARN_UNUSED_VARIABLE = YES;
				MACOSX_DEPLOYMENT_TARGET = 10.12;
				MTL_ENABLE_DEBUG_INFO = NO;
				SDKROOT = macosx;
			};
			name = Release;
		};
		14E98B9D1DDBC8F200E07634 /* Debug */ = {
			isa = XCBuildConfiguration;
			buildSettings = {
				PRODUCT_NAME = "$(TARGET_NAME)";
			};
			name = Debug;
		};
		14E98B9E1DDBC8F200E07634 /* Release */ = {
			isa = XCBuildConfiguration;
			buildSettings = {
				PRODUCT_NAME = "$(TARGET_NAME)";
			};
			name = Release;
		};
/* End XCBuildConfiguration section */

/* Begin XCConfigurationList section */
		14E98B901DDBC8F100E07634 /* Build configuration list for PBXProject "FinalProject-CS172" */ = {
			isa = XCConfigurationList;
			buildConfigurations = (
				14E98B9A1DDBC8F200E07634 /* Debug */,
				14E98B9B1DDBC8F200E07634 /* Release */,
			);
			defaultConfigurationIsVisible = 0;
			defaultConfigurationName = Release;
		};
		14E98B9C1DDBC8F200E07634 /* Build configuration list for PBXNativeTarget "FinalProject-CS172" */ = {
			isa = XCConfigurationList;
			buildConfigurations = (
				14E98B9D1DDBC8F200E07634 /* Debug */,
				14E98B9E1DDBC8F200E07634 /* Release */,
			);
			defaultConfigurationIsVisible = 0;
			defaultConfigurationName = Release;
		};
/* End XCConfigurationList section */
	};
	rootObject = 14E98B8D1DDBC8F100E07634 /* Project object */;
}
